
Microsoft Visual Studio Solution File, Format Version 12.00
# Visual Studio Version 16
VisualStudioVersion = 16.0.31911.196
MinimumVisualStudioVersion = 10.0.40219.1
Project("{9A19103F-16F7-4668-BE54-9A1E7A4F7556}") = "UITests", "TestProject1\UITests.csproj", "{EE57069A-D3E1-448E-91A1-07CB12F6118F}"
EndProject
Global
	GlobalSection(SolutionConfigurationPlatforms) = preSolution
		Debug|Any CPU = Debug|Any CPU
		Release|Any CPU = Release|Any CPU
	EndGlobalSection
	GlobalSection(ProjectConfigurationPlatforms) = postSolution
		{EE57069A-D3E1-448E-91A1-07CB12F6118F}.Debug|Any CPU.ActiveCfg = Debug|Any CPU
		{EE57069A-D3E1-448E-91A1-07CB12F6118F}.Debug|Any CPU.Build.0 = Debug|Any CPU
		{EE57069A-D3E1-448E-91A1-07CB12F6118F}.Release|Any CPU.ActiveCfg = Release|Any CPU
		{EE57069A-D3E1-448E-91A1-07CB12F6118F}.Release|Any CPU.Build.0 = Release|Any CPU
	EndGlobalSection
	GlobalSection(SolutionProperties) = preSolution
		HideSolutionNode = FALSE
	EndGlobalSection
	GlobalSection(ExtensibilityGlobals) = postSolution
		SolutionGuid = {4D8DAC65-4AB9-4AB9-AA43-46E0491788FD}
	EndGlobalSection
EndGlobal
